
Microsoft Visual Studio Solution File, Format Version 12.00
# Visual Studio Version 17
VisualStudioVersion = 17.5.33627.172
MinimumVisualStudioVersion = 10.0.40219.1
Project("{FAE04EC0-301F-11D3-BF4B-00C04F79EFBC}") = "EvidencePojisteni", "EvidencePojisteni.csproj", "{CCE04BC7-91C5-4A39-8174-4222FD8C42EB}"
EndProject
Global
	GlobalSection(SolutionConfigurationPlatforms) = preSolution
		Debug|Any CPU = Debug|Any CPU
		Release|Any CPU = Release|Any CPU
	EndGlobalSection
	GlobalSection(ProjectConfigurationPlatforms) = postSolution
		{CCE04BC7-91C5-4A39-8174-4222FD8C42EB}.Debug|Any CPU.ActiveCfg = Debug|Any CPU
		{CCE04BC7-91C5-4A39-8174-4222FD8C42EB}.Debug|Any CPU.Build.0 = Debug|Any CPU
		{CCE04BC7-91C5-4A39-8174-4222FD8C42EB}.Release|Any CPU.ActiveCfg = Release|Any CPU
		{CCE04BC7-91C5-4A39-8174-4222FD8C42EB}.Release|Any CPU.Build.0 = Release|Any CPU
	EndGlobalSection
	GlobalSection(SolutionProperties) = preSolution
		HideSolutionNode = FALSE
	EndGlobalSection
	GlobalSection(ExtensibilityGlobals) = postSolution
		SolutionGuid = {4C58823F-31AF-4C95-8BD0-2518195F417F}
	EndGlobalSection
EndGlobal
